
Microsoft Visual Studio Solution File, Format Version 12.00
# Visual Studio Version 16
VisualStudioVersion = 16.0.29911.84
MinimumVisualStudioVersion = 10.0.40219.1
Project("{FAE04EC0-301F-11D3-BF4B-00C04F79EFBC}") = "Chapter3", "Chapter3\Chapter3.csproj", "{431C20BE-C964-4FAF-A55C-451687B4B615}"
EndProject
Project("{FAE04EC0-301F-11D3-BF4B-00C04F79EFBC}") = "Chapter4", "Chapter04\Chapter4.csproj", "{06775FF6-E4CF-4130-B4B1-5B260B6E596A}"
EndProject
Project("{FAE04EC0-301F-11D3-BF4B-00C04F79EFBC}") = "Chapter5", "Chapter5\Chapter5.csproj", "{51D67792-31C1-46AE-A3AC-4677BED11015}"
EndProject
Project("{FAE04EC0-301F-11D3-BF4B-00C04F79EFBC}") = "Chapter6", "Chapter6\Chapter6.csproj", "{BF2C145D-31D9-4C1C-817F-AC412838B18D}"
EndProject
Project("{FAE04EC0-301F-11D3-BF4B-00C04F79EFBC}") = "Chapter7", "Chapter7\Chapter7.csproj", "{07E33597-A527-484C-8A80-986A37833D87}"
EndProject
Global
	GlobalSection(SolutionConfigurationPlatforms) = preSolution
		Debug|Any CPU = Debug|Any CPU
		Release|Any CPU = Release|Any CPU
	EndGlobalSection
	GlobalSection(ProjectConfigurationPlatforms) = postSolution
		{431C20BE-C964-4FAF-A55C-451687B4B615}.Debug|Any CPU.ActiveCfg = Debug|Any CPU
		{431C20BE-C964-4FAF-A55C-451687B4B615}.Debug|Any CPU.Build.0 = Debug|Any CPU
		{431C20BE-C964-4FAF-A55C-451687B4B615}.Release|Any CPU.ActiveCfg = Release|Any CPU
		{431C20BE-C964-4FAF-A55C-451687B4B615}.Release|Any CPU.Build.0 = Release|Any CPU
		{06775FF6-E4CF-4130-B4B1-5B260B6E596A}.Debug|Any CPU.ActiveCfg = Debug|Any CPU
		{06775FF6-E4CF-4130-B4B1-5B260B6E596A}.Debug|Any CPU.Build.0 = Debug|Any CPU
		{06775FF6-E4CF-4130-B4B1-5B260B6E596A}.Release|Any CPU.ActiveCfg = Release|Any CPU
		{06775FF6-E4CF-4130-B4B1-5B260B6E596A}.Release|Any CPU.Build.0 = Release|Any CPU
		{51D67792-31C1-46AE-A3AC-4677BED11015}.Debug|Any CPU.ActiveCfg = Debug|Any CPU
		{51D67792-31C1-46AE-A3AC-4677BED11015}.Debug|Any CPU.Build.0 = Debug|Any CPU
		{51D67792-31C1-46AE-A3AC-4677BED11015}.Release|Any CPU.ActiveCfg = Release|Any CPU
		{51D67792-31C1-46AE-A3AC-4677BED11015}.Release|Any CPU.Build.0 = Release|Any CPU
		{BF2C145D-31D9-4C1C-817F-AC412838B18D}.Debug|Any CPU.ActiveCfg = Debug|Any CPU
		{BF2C145D-31D9-4C1C-817F-AC412838B18D}.Debug|Any CPU.Build.0 = Debug|Any CPU
		{BF2C145D-31D9-4C1C-817F-AC412838B18D}.Release|Any CPU.ActiveCfg = Release|Any CPU
		{BF2C145D-31D9-4C1C-817F-AC412838B18D}.Release|Any CPU.Build.0 = Release|Any CPU
		{07E33597-A527-484C-8A80-986A37833D87}.Debug|Any CPU.ActiveCfg = Debug|Any CPU
		{07E33597-A527-484C-8A80-986A37833D87}.Debug|Any CPU.Build.0 = Debug|Any CPU
		{07E33597-A527-484C-8A80-986A37833D87}.Release|Any CPU.ActiveCfg = Release|Any CPU
		{07E33597-A527-484C-8A80-986A37833D87}.Release|Any CPU.Build.0 = Release|Any CPU
	EndGlobalSection
	GlobalSection(SolutionProperties) = preSolution
		HideSolutionNode = FALSE
	EndGlobalSection
	GlobalSection(ExtensibilityGlobals) = postSolution
		SolutionGuid = {FA401A1E-8D97-416F-9D24-9F8993343280}
	EndGlobalSection
EndGlobal
