
Microsoft Visual Studio Solution File, Format Version 12.00
# Visual Studio Version 16
VisualStudioVersion = 16.0.29911.84
MinimumVisualStudioVersion = 10.0.40219.1
Project("{FAE04EC0-301F-11D3-BF4B-00C04F79EFBC}") = "Chapter3", "Chapter3\Chapter3.csproj", "{431C20BE-C964-4FAF-A55C-451687B4B615}"
EndProject
Global
	GlobalSection(SolutionConfigurationPlatforms) = preSolution
		Debug|Any CPU = Debug|Any CPU
		Release|Any CPU = Release|Any CPU
	EndGlobalSection
	GlobalSection(ProjectConfigurationPlatforms) = postSolution
		{431C20BE-C964-4FAF-A55C-451687B4B615}.Debug|Any CPU.ActiveCfg = Debug|Any CPU
		{431C20BE-C964-4FAF-A55C-451687B4B615}.Debug|Any CPU.Build.0 = Debug|Any CPU
		{431C20BE-C964-4FAF-A55C-451687B4B615}.Release|Any CPU.ActiveCfg = Release|Any CPU
		{431C20BE-C964-4FAF-A55C-451687B4B615}.Release|Any CPU.Build.0 = Release|Any CPU
	EndGlobalSection
	GlobalSection(SolutionProperties) = preSolution
		HideSolutionNode = FALSE
	EndGlobalSection
	GlobalSection(ExtensibilityGlobals) = postSolution
		SolutionGuid = {FA401A1E-8D97-416F-9D24-9F8993343280}
	EndGlobalSection
EndGlobal
